
Microsoft Visual Studio Solution File, Format Version 12.00
# Visual Studio Version 17
VisualStudioVersion = 17.7.34031.279
MinimumVisualStudioVersion = 10.0.40219.1
Project("{9A19103F-16F7-4668-BE54-9A1E7A4F7556}") = "formulario_parcial", "formulario_parcial.csproj", "{D8A1AC91-B3C1-47B2-A171-41E7980B0E7D}"
EndProject
Project("{FAE04EC0-301F-11D3-BF4B-00C04F79EFBC}") = "TestProject2", "..\TestProject2\TestProject2.csproj", "{2F7197C0-B729-4117-9DC9-D377E976D0BA}"
EndProject
Global
	GlobalSection(SolutionConfigurationPlatforms) = preSolution
		Debug|Any CPU = Debug|Any CPU
		Release|Any CPU = Release|Any CPU
	EndGlobalSection
	GlobalSection(ProjectConfigurationPlatforms) = postSolution
		{D8A1AC91-B3C1-47B2-A171-41E7980B0E7D}.Debug|Any CPU.ActiveCfg = Debug|Any CPU
		{D8A1AC91-B3C1-47B2-A171-41E7980B0E7D}.Debug|Any CPU.Build.0 = Debug|Any CPU
		{D8A1AC91-B3C1-47B2-A171-41E7980B0E7D}.Release|Any CPU.ActiveCfg = Release|Any CPU
		{D8A1AC91-B3C1-47B2-A171-41E7980B0E7D}.Release|Any CPU.Build.0 = Release|Any CPU
		{2F7197C0-B729-4117-9DC9-D377E976D0BA}.Debug|Any CPU.ActiveCfg = Debug|Any CPU
		{2F7197C0-B729-4117-9DC9-D377E976D0BA}.Debug|Any CPU.Build.0 = Debug|Any CPU
		{2F7197C0-B729-4117-9DC9-D377E976D0BA}.Release|Any CPU.ActiveCfg = Release|Any CPU
		{2F7197C0-B729-4117-9DC9-D377E976D0BA}.Release|Any CPU.Build.0 = Release|Any CPU
	EndGlobalSection
	GlobalSection(SolutionProperties) = preSolution
		HideSolutionNode = FALSE
	EndGlobalSection
	GlobalSection(ExtensibilityGlobals) = postSolution
		SolutionGuid = {3D7E33AB-004D-41FF-8441-D0D5C4EDE985}
	EndGlobalSection
EndGlobal
